
Microsoft Visual Studio Solution File, Format Version 12.00
# Visual Studio Version 16
VisualStudioVersion = 16.0.29920.165
MinimumVisualStudioVersion = 10.0.40219.1
Project("{9A19103F-16F7-4668-BE54-9A1E7A4F7556}") = "PotekoMinecraftServer", "PotekoMinecraftServer\PotekoMinecraftServer.csproj", "{FF5467EE-20DC-45B4-B22E-3A163E43E820}"
EndProject
Project("{9A19103F-16F7-4668-BE54-9A1E7A4F7556}") = "PotekoMinecraftDaemon.Test", "PotekoMinecraftDaemon.Test\PotekoMinecraftDaemon.Test.csproj", "{0341FC38-AF4B-4A21-9B44-FF97B8274693}"
EndProject
Project("{9A19103F-16F7-4668-BE54-9A1E7A4F7556}") = "MinecraftServerDaemon", "MinecraftServerDaemon\MinecraftServerDaemon.csproj", "{B121B5D1-F680-49EC-A528-C5FFF54192C8}"
EndProject
Project("{9A19103F-16F7-4668-BE54-9A1E7A4F7556}") = "PotekoMinecraftServerData", "PotekoMinecraftServerData\PotekoMinecraftServerData.csproj", "{5073E803-CCD7-4732-AE6D-F7C545BDBF0B}"
EndProject
Global
	GlobalSection(SolutionConfigurationPlatforms) = preSolution
		Debug|Any CPU = Debug|Any CPU
		Release|Any CPU = Release|Any CPU
	EndGlobalSection
	GlobalSection(ProjectConfigurationPlatforms) = postSolution
		{FF5467EE-20DC-45B4-B22E-3A163E43E820}.Debug|Any CPU.ActiveCfg = Debug|Any CPU
		{FF5467EE-20DC-45B4-B22E-3A163E43E820}.Debug|Any CPU.Build.0 = Debug|Any CPU
		{FF5467EE-20DC-45B4-B22E-3A163E43E820}.Release|Any CPU.ActiveCfg = Release|Any CPU
		{FF5467EE-20DC-45B4-B22E-3A163E43E820}.Release|Any CPU.Build.0 = Release|Any CPU
		{0341FC38-AF4B-4A21-9B44-FF97B8274693}.Debug|Any CPU.ActiveCfg = Debug|Any CPU
		{0341FC38-AF4B-4A21-9B44-FF97B8274693}.Debug|Any CPU.Build.0 = Debug|Any CPU
		{0341FC38-AF4B-4A21-9B44-FF97B8274693}.Release|Any CPU.ActiveCfg = Release|Any CPU
		{0341FC38-AF4B-4A21-9B44-FF97B8274693}.Release|Any CPU.Build.0 = Release|Any CPU
		{B121B5D1-F680-49EC-A528-C5FFF54192C8}.Debug|Any CPU.ActiveCfg = Debug|Any CPU
		{B121B5D1-F680-49EC-A528-C5FFF54192C8}.Debug|Any CPU.Build.0 = Debug|Any CPU
		{B121B5D1-F680-49EC-A528-C5FFF54192C8}.Release|Any CPU.ActiveCfg = Release|Any CPU
		{B121B5D1-F680-49EC-A528-C5FFF54192C8}.Release|Any CPU.Build.0 = Release|Any CPU
		{5073E803-CCD7-4732-AE6D-F7C545BDBF0B}.Debug|Any CPU.ActiveCfg = Debug|Any CPU
		{5073E803-CCD7-4732-AE6D-F7C545BDBF0B}.Debug|Any CPU.Build.0 = Debug|Any CPU
		{5073E803-CCD7-4732-AE6D-F7C545BDBF0B}.Release|Any CPU.ActiveCfg = Release|Any CPU
		{5073E803-CCD7-4732-AE6D-F7C545BDBF0B}.Release|Any CPU.Build.0 = Release|Any CPU
	EndGlobalSection
	GlobalSection(SolutionProperties) = preSolution
		HideSolutionNode = FALSE
	EndGlobalSection
	GlobalSection(ExtensibilityGlobals) = postSolution
		SolutionGuid = {B426A4B9-6A1F-43DB-B74D-5BE9AC2E5086}
	EndGlobalSection
EndGlobal
